// !$*UTF8*$!
{
	archiveVersion = 1;
	classes = {
	};
	objectVersion = 56;
	objects = {

/* Begin PBXBuildFile section */
		D2DC2C242C1205D3004F87B8 /* AppDelegate.swift in Sources */ = {isa = PBXBuildFile; fileRef = D2DC2C232C1205D3004F87B8 /* AppDelegate.swift */; };
		D2DC2C262C1205D3004F87B8 /* SceneDelegate.swift in Sources */ = {isa = PBXBuildFile; fileRef = D2DC2C252C1205D3004F87B8 /* SceneDelegate.swift */; };
		D2DC2C282C1205D3004F87B8 /* HomeViewController.swift in Sources */ = {isa = PBXBuildFile; fileRef = D2DC2C272C1205D3004F87B8 /* HomeViewController.swift */; };
		D2DC2C2B2C1205D3004F87B8 /* Base in Resources */ = {isa = PBXBuildFile; fileRef = D2DC2C2A2C1205D3004F87B8 /* Base */; };
		D2DC2C2D2C1205D5004F87B8 /* Assets.xcassets in Resources */ = {isa = PBXBuildFile; fileRef = D2DC2C2C2C1205D5004F87B8 /* Assets.xcassets */; };
		D2DC2C302C1205D5004F87B8 /* Base in Resources */ = {isa = PBXBuildFile; fileRef = D2DC2C2F2C1205D5004F87B8 /* Base */; };
		D2DC2C3B2C1205D5004F87B8 /* DubizzleCloneTests.swift in Sources */ = {isa = PBXBuildFile; fileRef = D2DC2C3A2C1205D5004F87B8 /* DubizzleCloneTests.swift */; };
		D2DC2C452C1205D5004F87B8 /* DubizzleCloneUITests.swift in Sources */ = {isa = PBXBuildFile; fileRef = D2DC2C442C1205D5004F87B8 /* DubizzleCloneUITests.swift */; };
		D2DC2C472C1205D5004F87B8 /* DubizzleCloneUITestsLaunchTests.swift in Sources */ = {isa = PBXBuildFile; fileRef = D2DC2C462C1205D5004F87B8 /* DubizzleCloneUITestsLaunchTests.swift */; };
		D2DC2C542C12084A004F87B8 /* MenuViewController.swift in Sources */ = {isa = PBXBuildFile; fileRef = D2DC2C532C120849004F87B8 /* MenuViewController.swift */; };
		D2DC2C562C12084E004F87B8 /* ChatsViewController.swift in Sources */ = {isa = PBXBuildFile; fileRef = D2DC2C552C12084E004F87B8 /* ChatsViewController.swift */; };
		D2DC2C582C120850004F87B8 /* PlaceAnAdViewController.swift in Sources */ = {isa = PBXBuildFile; fileRef = D2DC2C572C120850004F87B8 /* PlaceAnAdViewController.swift */; };
		D2DC2C5A2C120853004F87B8 /* FavouritesViewController.swift in Sources */ = {isa = PBXBuildFile; fileRef = D2DC2C592C120853004F87B8 /* FavouritesViewController.swift */; };
		D2DC2C5E2C122299004F87B8 /* Section1TableViewCell.swift in Sources */ = {isa = PBXBuildFile; fileRef = D2DC2C5D2C122299004F87B8 /* Section1TableViewCell.swift */; };
		D2DC2C602C1222DD004F87B8 /* Section2TableViewCell.swift in Sources */ = {isa = PBXBuildFile; fileRef = D2DC2C5F2C1222DC004F87B8 /* Section2TableViewCell.swift */; };
		D2DC2C622C1222DF004F87B8 /* Section3TableViewCell.swift in Sources */ = {isa = PBXBuildFile; fileRef = D2DC2C612C1222DF004F87B8 /* Section3TableViewCell.swift */; };
		D2DC2C642C122539004F87B8 /* Collection1ViewCell.swift in Sources */ = {isa = PBXBuildFile; fileRef = D2DC2C632C122539004F87B8 /* Collection1ViewCell.swift */; };
		D2DC2CA62C137396004F87B8 /* CollectionView2Cell.swift in Sources */ = {isa = PBXBuildFile; fileRef = D2DC2CA52C137396004F87B8 /* CollectionView2Cell.swift */; };
/* End PBXBuildFile section */

/* Begin PBXContainerItemProxy section */
		D2DC2C372C1205D5004F87B8 /* PBXContainerItemProxy */ = {
			isa = PBXContainerItemProxy;
			containerPortal = D2DC2C182C1205D3004F87B8 /* Project object */;
			proxyType = 1;
			remoteGlobalIDString = D2DC2C1F2C1205D3004F87B8;
			remoteInfo = DubizzleClone;
		};
		D2DC2C412C1205D5004F87B8 /* PBXContainerItemProxy */ = {
			isa = PBXContainerItemProxy;
			containerPortal = D2DC2C182C1205D3004F87B8 /* Project object */;
			proxyType = 1;
			remoteGlobalIDString = D2DC2C1F2C1205D3004F87B8;
			remoteInfo = DubizzleClone;
		};
/* End PBXContainerItemProxy section */

/* Begin PBXFileReference section */
		D2DC2C202C1205D3004F87B8 /* DubizzleClone.app */ = {isa = PBXFileReference; explicitFileType = wrapper.application; includeInIndex = 0; path = DubizzleClone.app; sourceTree = BUILT_PRODUCTS_DIR; };
		D2DC2C232C1205D3004F87B8 /* AppDelegate.swift */ = {isa = PBXFileReference; lastKnownFileType = sourcecode.swift; path = AppDelegate.swift; sourceTree = "<group>"; };
		D2DC2C252C1205D3004F87B8 /* SceneDelegate.swift */ = {isa = PBXFileReference; lastKnownFileType = sourcecode.swift; path = SceneDelegate.swift; sourceTree = "<group>"; };
		D2DC2C272C1205D3004F87B8 /* HomeViewController.swift */ = {isa = PBXFileReference; lastKnownFileType = sourcecode.swift; path = HomeViewController.swift; sourceTree = "<group>"; };
		D2DC2C2A2C1205D3004F87B8 /* Base */ = {isa = PBXFileReference; lastKnownFileType = file.storyboard; name = Base; path = Base.lproj/Main.storyboard; sourceTree = "<group>"; };
		D2DC2C2C2C1205D5004F87B8 /* Assets.xcassets */ = {isa = PBXFileReference; lastKnownFileType = folder.assetcatalog; path = Assets.xcassets; sourceTree = "<group>"; };
		D2DC2C2F2C1205D5004F87B8 /* Base */ = {isa = PBXFileReference; lastKnownFileType = file.storyboard; name = Base; path = Base.lproj/LaunchScreen.storyboard; sourceTree = "<group>"; };
		D2DC2C312C1205D5004F87B8 /* Info.plist */ = {isa = PBXFileReference; lastKnownFileType = text.plist.xml; path = Info.plist; sourceTree = "<group>"; };
		D2DC2C362C1205D5004F87B8 /* DubizzleCloneTests.xctest */ = {isa = PBXFileReference; explicitFileType = wrapper.cfbundle; includeInIndex = 0; path = DubizzleCloneTests.xctest; sourceTree = BUILT_PRODUCTS_DIR; };
		D2DC2C3A2C1205D5004F87B8 /* DubizzleCloneTests.swift */ = {isa = PBXFileReference; lastKnownFileType = sourcecode.swift; path = DubizzleCloneTests.swift; sourceTree = "<group>"; };
		D2DC2C402C1205D5004F87B8 /* DubizzleCloneUITests.xctest */ = {isa = PBXFileReference; explicitFileType = wrapper.cfbundle; includeInIndex = 0; path = DubizzleCloneUITests.xctest; sourceTree = BUILT_PRODUCTS_DIR; };
		D2DC2C442C1205D5004F87B8 /* DubizzleCloneUITests.swift */ = {isa = PBXFileReference; lastKnownFileType = sourcecode.swift; path = DubizzleCloneUITests.swift; sourceTree = "<group>"; };
		D2DC2C462C1205D5004F87B8 /* DubizzleCloneUITestsLaunchTests.swift */ = {isa = PBXFileReference; lastKnownFileType = sourcecode.swift; path = DubizzleCloneUITestsLaunchTests.swift; sourceTree = "<group>"; };
		D2DC2C532C120849004F87B8 /* MenuViewController.swift */ = {isa = PBXFileReference; lastKnownFileType = sourcecode.swift; path = MenuViewController.swift; sourceTree = "<group>"; };
		D2DC2C552C12084E004F87B8 /* ChatsViewController.swift */ = {isa = PBXFileReference; lastKnownFileType = sourcecode.swift; path = ChatsViewController.swift; sourceTree = "<group>"; };
		D2DC2C572C120850004F87B8 /* PlaceAnAdViewController.swift */ = {isa = PBXFileReference; lastKnownFileType = sourcecode.swift; path = PlaceAnAdViewController.swift; sourceTree = "<group>"; };
		D2DC2C592C120853004F87B8 /* FavouritesViewController.swift */ = {isa = PBXFileReference; lastKnownFileType = sourcecode.swift; path = FavouritesViewController.swift; sourceTree = "<group>"; };
		D2DC2C5D2C122299004F87B8 /* Section1TableViewCell.swift */ = {isa = PBXFileReference; lastKnownFileType = sourcecode.swift; path = Section1TableViewCell.swift; sourceTree = "<group>"; };
		D2DC2C5F2C1222DC004F87B8 /* Section2TableViewCell.swift */ = {isa = PBXFileReference; lastKnownFileType = sourcecode.swift; path = Section2TableViewCell.swift; sourceTree = "<group>"; };
		D2DC2C612C1222DF004F87B8 /* Section3TableViewCell.swift */ = {isa = PBXFileReference; lastKnownFileType = sourcecode.swift; path = Section3TableViewCell.swift; sourceTree = "<group>"; };
		D2DC2C632C122539004F87B8 /* Collection1ViewCell.swift */ = {isa = PBXFileReference; lastKnownFileType = sourcecode.swift; path = Collection1ViewCell.swift; sourceTree = "<group>"; };
		D2DC2CA52C137396004F87B8 /* CollectionView2Cell.swift */ = {isa = PBXFileReference; lastKnownFileType = sourcecode.swift; path = CollectionView2Cell.swift; sourceTree = "<group>"; };
/* End PBXFileReference section */

/* Begin PBXFrameworksBuildPhase section */
		D2DC2C1D2C1205D3004F87B8 /* Frameworks */ = {
			isa = PBXFrameworksBuildPhase;
			buildActionMask = 2147483647;
			files = (
			);
			runOnlyForDeploymentPostprocessing = 0;
		};
		D2DC2C332C1205D5004F87B8 /* Frameworks */ = {
			isa = PBXFrameworksBuildPhase;
			buildActionMask = 2147483647;
			files = (
			);
			runOnlyForDeploymentPostprocessing = 0;
		};
		D2DC2C3D2C1205D5004F87B8 /* Frameworks */ = {
			isa = PBXFrameworksBuildPhase;
			buildActionMask = 2147483647;
			files = (
			);
			runOnlyForDeploymentPostprocessing = 0;
		};
/* End PBXFrameworksBuildPhase section */

/* Begin PBXGroup section */
		D2DC2C172C1205D3004F87B8 = {
			isa = PBXGroup;
			children = (
				D2DC2C222C1205D3004F87B8 /* DubizzleClone */,
				D2DC2C392C1205D5004F87B8 /* DubizzleCloneTests */,
				D2DC2C432C1205D5004F87B8 /* DubizzleCloneUITests */,
				D2DC2C212C1205D3004F87B8 /* Products */,
			);
			sourceTree = "<group>";
		};
		D2DC2C212C1205D3004F87B8 /* Products */ = {
			isa = PBXGroup;
			children = (
				D2DC2C202C1205D3004F87B8 /* DubizzleClone.app */,
				D2DC2C362C1205D5004F87B8 /* DubizzleCloneTests.xctest */,
				D2DC2C402C1205D5004F87B8 /* DubizzleCloneUITests.xctest */,
			);
			name = Products;
			sourceTree = "<group>";
		};
		D2DC2C222C1205D3004F87B8 /* DubizzleClone */ = {
			isa = PBXGroup;
			children = (
				D2DC2C232C1205D3004F87B8 /* AppDelegate.swift */,
				D2DC2C252C1205D3004F87B8 /* SceneDelegate.swift */,
				D2DC2C272C1205D3004F87B8 /* HomeViewController.swift */,
				D2DC2C5D2C122299004F87B8 /* Section1TableViewCell.swift */,
				D2DC2C632C122539004F87B8 /* Collection1ViewCell.swift */,
				D2DC2C5F2C1222DC004F87B8 /* Section2TableViewCell.swift */,
				D2DC2C612C1222DF004F87B8 /* Section3TableViewCell.swift */,
				D2DC2CA52C137396004F87B8 /* CollectionView2Cell.swift */,
				D2DC2C592C120853004F87B8 /* FavouritesViewController.swift */,
				D2DC2C572C120850004F87B8 /* PlaceAnAdViewController.swift */,
				D2DC2C552C12084E004F87B8 /* ChatsViewController.swift */,
				D2DC2C532C120849004F87B8 /* MenuViewController.swift */,
				D2DC2C292C1205D3004F87B8 /* Main.storyboard */,
				D2DC2C2C2C1205D5004F87B8 /* Assets.xcassets */,
				D2DC2C2E2C1205D5004F87B8 /* LaunchScreen.storyboard */,
				D2DC2C312C1205D5004F87B8 /* Info.plist */,
			);
			path = DubizzleClone;
			sourceTree = "<group>";
		};
		D2DC2C392C1205D5004F87B8 /* DubizzleCloneTests */ = {
			isa = PBXGroup;
			children = (
				D2DC2C3A2C1205D5004F87B8 /* DubizzleCloneTests.swift */,
			);
			path = DubizzleCloneTests;
			sourceTree = "<group>";
		};
		D2DC2C432C1205D5004F87B8 /* DubizzleCloneUITests */ = {
			isa = PBXGroup;
			children = (
				D2DC2C442C1205D5004F87B8 /* DubizzleCloneUITests.swift */,
				D2DC2C462C1205D5004F87B8 /* DubizzleCloneUITestsLaunchTests.swift */,
			);
			path = DubizzleCloneUITests;
			sourceTree = "<group>";
		};
/* End PBXGroup section */

/* Begin PBXNativeTarget section */
		D2DC2C1F2C1205D3004F87B8 /* DubizzleClone */ = {
			isa = PBXNativeTarget;
			buildConfigurationList = D2DC2C4A2C1205D5004F87B8 /* Build configuration list for PBXNativeTarget "DubizzleClone" */;
			buildPhases = (
				D2DC2C1C2C1205D3004F87B8 /* Sources */,
				D2DC2C1D2C1205D3004F87B8 /* Frameworks */,
				D2DC2C1E2C1205D3004F87B8 /* Resources */,
			);
			buildRules = (
			);
			dependencies = (
			);
			name = DubizzleClone;
			productName = DubizzleClone;
			productReference = D2DC2C202C1205D3004F87B8 /* DubizzleClone.app */;
			productType = "com.apple.product-type.application";
		};
		D2DC2C352C1205D5004F87B8 /* DubizzleCloneTests */ = {
			isa = PBXNativeTarget;
			buildConfigurationList = D2DC2C4D2C1205D5004F87B8 /* Build configuration list for PBXNativeTarget "DubizzleCloneTests" */;
			buildPhases = (
				D2DC2C322C1205D5004F87B8 /* Sources */,
				D2DC2C332C1205D5004F87B8 /* Frameworks */,
				D2DC2C342C1205D5004F87B8 /* Resources */,
			);
			buildRules = (
			);
			dependencies = (
				D2DC2C382C1205D5004F87B8 /* PBXTargetDependency */,
			);
			name = DubizzleCloneTests;
			productName = DubizzleCloneTests;
			productReference = D2DC2C362C1205D5004F87B8 /* DubizzleCloneTests.xctest */;
			productType = "com.apple.product-type.bundle.unit-test";
		};
		D2DC2C3F2C1205D5004F87B8 /* DubizzleCloneUITests */ = {
			isa = PBXNativeTarget;
			buildConfigurationList = D2DC2C502C1205D5004F87B8 /* Build configuration list for PBXNativeTarget "DubizzleCloneUITests" */;
			buildPhases = (
				D2DC2C3C2C1205D5004F87B8 /* Sources */,
				D2DC2C3D2C1205D5004F87B8 /* Frameworks */,
				D2DC2C3E2C1205D5004F87B8 /* Resources */,
			);
			buildRules = (
			);
			dependencies = (
				D2DC2C422C1205D5004F87B8 /* PBXTargetDependency */,
			);
			name = DubizzleCloneUITests;
			productName = DubizzleCloneUITests;
			productReference = D2DC2C402C1205D5004F87B8 /* DubizzleCloneUITests.xctest */;
			productType = "com.apple.product-type.bundle.ui-testing";
		};
/* End PBXNativeTarget section */

/* Begin PBXProject section */
		D2DC2C182C1205D3004F87B8 /* Project object */ = {
			isa = PBXProject;
			attributes = {
				BuildIndependentTargetsInParallel = 1;
				LastSwiftUpdateCheck = 1540;
				LastUpgradeCheck = 1540;
				TargetAttributes = {
					D2DC2C1F2C1205D3004F87B8 = {
						CreatedOnToolsVersion = 15.4;
					};
					D2DC2C352C1205D5004F87B8 = {
						CreatedOnToolsVersion = 15.4;
						TestTargetID = D2DC2C1F2C1205D3004F87B8;
					};
					D2DC2C3F2C1205D5004F87B8 = {
						CreatedOnToolsVersion = 15.4;
						TestTargetID = D2DC2C1F2C1205D3004F87B8;
					};
				};
			};
			buildConfigurationList = D2DC2C1B2C1205D3004F87B8 /* Build configuration list for PBXProject "DubizzleClone" */;
			compatibilityVersion = "Xcode 14.0";
			developmentRegion = en;
			hasScannedForEncodings = 0;
			knownRegions = (
				en,
				Base,
			);
			mainGroup = D2DC2C172C1205D3004F87B8;
			productRefGroup = D2DC2C212C1205D3004F87B8 /* Products */;
			projectDirPath = "";
			projectRoot = "";
			targets = (
				D2DC2C1F2C1205D3004F87B8 /* DubizzleClone */,
				D2DC2C352C1205D5004F87B8 /* DubizzleCloneTests */,
				D2DC2C3F2C1205D5004F87B8 /* DubizzleCloneUITests */,
			);
		};
/* End PBXProject section */

/* Begin PBXResourcesBuildPhase section */
		D2DC2C1E2C1205D3004F87B8 /* Resources */ = {
			isa = PBXResourcesBuildPhase;
			buildActionMask = 2147483647;
			files = (
				D2DC2C2D2C1205D5004F87B8 /* Assets.xcassets in Resources */,
				D2DC2C302C1205D5004F87B8 /* Base in Resources */,
				D2DC2C2B2C1205D3004F87B8 /* Base in Resources */,
			);
			runOnlyForDeploymentPostprocessing = 0;
		};
		D2DC2C342C1205D5004F87B8 /* Resources */ = {
			isa = PBXResourcesBuildPhase;
			buildActionMask = 2147483647;
			files = (
			);
			runOnlyForDeploymentPostprocessing = 0;
		};
		D2DC2C3E2C1205D5004F87B8 /* Resources */ = {
			isa = PBXResourcesBuildPhase;
			buildActionMask = 2147483647;
			files = (
			);
			runOnlyForDeploymentPostprocessing = 0;
		};
/* End PBXResourcesBuildPhase section */

/* Begin PBXSourcesBuildPhase section */
		D2DC2C1C2C1205D3004F87B8 /* Sources */ = {
			isa = PBXSourcesBuildPhase;
			buildActionMask = 2147483647;
			files = (
				D2DC2C642C122539004F87B8 /* Collection1ViewCell.swift in Sources */,
				D2DC2C5A2C120853004F87B8 /* FavouritesViewController.swift in Sources */,
				D2DC2C602C1222DD004F87B8 /* Section2TableViewCell.swift in Sources */,
				D2DC2C5E2C122299004F87B8 /* Section1TableViewCell.swift in Sources */,
				D2DC2C622C1222DF004F87B8 /* Section3TableViewCell.swift in Sources */,
				D2DC2CA62C137396004F87B8 /* CollectionView2Cell.swift in Sources */,
				D2DC2C282C1205D3004F87B8 /* HomeViewController.swift in Sources */,
				D2DC2C562C12084E004F87B8 /* ChatsViewController.swift in Sources */,
				D2DC2C582C120850004F87B8 /* PlaceAnAdViewController.swift in Sources */,
				D2DC2C242C1205D3004F87B8 /* AppDelegate.swift in Sources */,
				D2DC2C262C1205D3004F87B8 /* SceneDelegate.swift in Sources */,
				D2DC2C542C12084A004F87B8 /* MenuViewController.swift in Sources */,
			);
			runOnlyForDeploymentPostprocessing = 0;
		};
		D2DC2C322C1205D5004F87B8 /* Sources */ = {
			isa = PBXSourcesBuildPhase;
			buildActionMask = 2147483647;
			files = (
				D2DC2C3B2C1205D5004F87B8 /* DubizzleCloneTests.swift in Sources */,
			);
			runOnlyForDeploymentPostprocessing = 0;
		};
		D2DC2C3C2C1205D5004F87B8 /* Sources */ = {
			isa = PBXSourcesBuildPhase;
			buildActionMask = 2147483647;
			files = (
				D2DC2C452C1205D5004F87B8 /* DubizzleCloneUITests.swift in Sources */,
				D2DC2C472C1205D5004F87B8 /* DubizzleCloneUITestsLaunchTests.swift in Sources */,
			);
			runOnlyForDeploymentPostprocessing = 0;
		};
/* End PBXSourcesBuildPhase section */

/* Begin PBXTargetDependency section */
		D2DC2C382C1205D5004F87B8 /* PBXTargetDependency */ = {
			isa = PBXTargetDependency;
			target = D2DC2C1F2C1205D3004F87B8 /* DubizzleClone */;
			targetProxy = D2DC2C372C1205D5004F87B8 /* PBXContainerItemProxy */;
		};
		D2DC2C422C1205D5004F87B8 /* PBXTargetDependency */ = {
			isa = PBXTargetDependency;
			target = D2DC2C1F2C1205D3004F87B8 /* DubizzleClone */;
			targetProxy = D2DC2C412C1205D5004F87B8 /* PBXContainerItemProxy */;
		};
/* End PBXTargetDependency section */

/* Begin PBXVariantGroup section */
		D2DC2C292C1205D3004F87B8 /* Main.storyboard */ = {
			isa = PBXVariantGroup;
			children = (
				D2DC2C2A2C1205D3004F87B8 /* Base */,
			);
			name = Main.storyboard;
			sourceTree = "<group>";
		};
		D2DC2C2E2C1205D5004F87B8 /* LaunchScreen.storyboard */ = {
			isa = PBXVariantGroup;
			children = (
				D2DC2C2F2C1205D5004F87B8 /* Base */,
			);
			name = LaunchScreen.storyboard;
			sourceTree = "<group>";
		};
/* End PBXVariantGroup section */

/* Begin XCBuildConfiguration section */
		D2DC2C482C1205D5004F87B8 /* Debug */ = {
			isa = XCBuildConfiguration;
			buildSettings = {
				ALWAYS_SEARCH_USER_PATHS = NO;
				ASSETCATALOG_COMPILER_GENERATE_SWIFT_ASSET_SYMBOL_EXTENSIONS = YES;
				CLANG_ANALYZER_NONNULL = YES;
				CLANG_ANALYZER_NUMBER_OBJECT_CONVERSION = YES_AGGRESSIVE;
				CLANG_CXX_LANGUAGE_STANDARD = "gnu++20";
				CLANG_ENABLE_MODULES = YES;
				CLANG_ENABLE_OBJC_ARC = YES;
				CLANG_ENABLE_OBJC_WEAK = YES;
				CLANG_WARN_BLOCK_CAPTURE_AUTORELEASING = YES;
				CLANG_WARN_BOOL_CONVERSION = YES;
				CLANG_WARN_COMMA = YES;
				CLANG_WARN_CONSTANT_CONVERSION = YES;
				CLANG_WARN_DEPRECATED_OBJC_IMPLEMENTATIONS = YES;
				CLANG_WARN_DIRECT_OBJC_ISA_USAGE = YES_ERROR;
				CLANG_WARN_DOCUMENTATION_COMMENTS = YES;
				CLANG_WARN_EMPTY_BODY = YES;
				CLANG_WARN_ENUM_CONVERSION = YES;
				CLANG_WARN_INFINITE_RECURSION = YES;
				CLANG_WARN_INT_CONVERSION = YES;
				CLANG_WARN_NON_LITERAL_NULL_CONVERSION = YES;
				CLANG_WARN_OBJC_IMPLICIT_RETAIN_SELF = YES;
				CLANG_WARN_OBJC_LITERAL_CONVERSION = YES;
				CLANG_WARN_OBJC_ROOT_CLASS = YES_ERROR;
				CLANG_WARN_QUOTED_INCLUDE_IN_FRAMEWORK_HEADER = YES;
				CLANG_WARN_RANGE_LOOP_ANALYSIS = YES;
				CLANG_WARN_STRICT_PROTOTYPES = YES;
				CLANG_WARN_SUSPICIOUS_MOVE = YES;
				CLANG_WARN_UNGUARDED_AVAILABILITY = YES_AGGRESSIVE;
				CLANG_WARN_UNREACHABLE_CODE = YES;
				CLANG_WARN__DUPLICATE_METHOD_MATCH = YES;
				COPY_PHASE_STRIP = NO;
				DEBUG_INFORMATION_FORMAT = dwarf;
				ENABLE_STRICT_OBJC_MSGSEND = YES;
				ENABLE_TESTABILITY = YES;
				ENABLE_USER_SCRIPT_SANDBOXING = YES;
				GCC_C_LANGUAGE_STANDARD = gnu17;
				GCC_DYNAMIC_NO_PIC = NO;
				GCC_NO_COMMON_BLOCKS = YES;
				GCC_OPTIMIZATION_LEVEL = 0;
				GCC_PREPROCESSOR_DEFINITIONS = (
					"DEBUG=1",
					"$(inherited)",
				);
				GCC_WARN_64_TO_32_BIT_CONVERSION = YES;
				GCC_WARN_ABOUT_RETURN_TYPE = YES_ERROR;
				GCC_WARN_UNDECLARED_SELECTOR = YES;
				GCC_WARN_UNINITIALIZED_AUTOS = YES_AGGRESSIVE;
				GCC_WARN_UNUSED_FUNCTION = YES;
				GCC_WARN_UNUSED_VARIABLE = YES;
				IPHONEOS_DEPLOYMENT_TARGET = 17.5;
				LOCALIZATION_PREFERS_STRING_CATALOGS = YES;
				MTL_ENABLE_DEBUG_INFO = INCLUDE_SOURCE;
				MTL_FAST_MATH = YES;
				ONLY_ACTIVE_ARCH = YES;
				SDKROOT = iphoneos;
				SWIFT_ACTIVE_COMPILATION_CONDITIONS = "DEBUG $(inherited)";
				SWIFT_OPTIMIZATION_LEVEL = "-Onone";
			};
			name = Debug;
		};
		D2DC2C492C1205D5004F87B8 /* Release */ = {
			isa = XCBuildConfiguration;
			buildSettings = {
				ALWAYS_SEARCH_USER_PATHS = NO;
				ASSETCATALOG_COMPILER_GENERATE_SWIFT_ASSET_SYMBOL_EXTENSIONS = YES;
				CLANG_ANALYZER_NONNULL = YES;
				CLANG_ANALYZER_NUMBER_OBJECT_CONVERSION = YES_AGGRESSIVE;
				CLANG_CXX_LANGUAGE_STANDARD = "gnu++20";
				CLANG_ENABLE_MODULES = YES;
				CLANG_ENABLE_OBJC_ARC = YES;
				CLANG_ENABLE_OBJC_WEAK = YES;
				CLANG_WARN_BLOCK_CAPTURE_AUTORELEASING = YES;
				CLANG_WARN_BOOL_CONVERSION = YES;
				CLANG_WARN_COMMA = YES;
				CLANG_WARN_CONSTANT_CONVERSION = YES;
				CLANG_WARN_DEPRECATED_OBJC_IMPLEMENTATIONS = YES;
				CLANG_WARN_DIRECT_OBJC_ISA_USAGE = YES_ERROR;
				CLANG_WARN_DOCUMENTATION_COMMENTS = YES;
				CLANG_WARN_EMPTY_BODY = YES;
				CLANG_WARN_ENUM_CONVERSION = YES;
				CLANG_WARN_INFINITE_RECURSION = YES;
				CLANG_WARN_INT_CONVERSION = YES;
				CLANG_WARN_NON_LITERAL_NULL_CONVERSION = YES;
				CLANG_WARN_OBJC_IMPLICIT_RETAIN_SELF = YES;
				CLANG_WARN_OBJC_LITERAL_CONVERSION = YES;
				CLANG_WARN_OBJC_ROOT_CLASS = YES_ERROR;
				CLANG_WARN_QUOTED_INCLUDE_IN_FRAMEWORK_HEADER = YES;
				CLANG_WARN_RANGE_LOOP_ANALYSIS = YES;
				CLANG_WARN_STRICT_PROTOTYPES = YES;
				CLANG_WARN_SUSPICIOUS_MOVE = YES;
				CLANG_WARN_UNGUARDED_AVAILABILITY = YES_AGGRESSIVE;
				CLANG_WARN_UNREACHABLE_CODE = YES;
				CLANG_WARN__DUPLICATE_METHOD_MATCH = YES;
				COPY_PHASE_STRIP = NO;
				DEBUG_INFORMATION_FORMAT = "dwarf-with-dsym";
				ENABLE_NS_ASSERTIONS = NO;
				ENABLE_STRICT_OBJC_MSGSEND = YES;
				ENABLE_USER_SCRIPT_SANDBOXING = YES;
				GCC_C_LANGUAGE_STANDARD = gnu17;
				GCC_NO_COMMON_BLOCKS = YES;
				GCC_WARN_64_TO_32_BIT_CONVERSION = YES;
				GCC_WARN_ABOUT_RETURN_TYPE = YES_ERROR;
				GCC_WARN_UNDECLARED_SELECTOR = YES;
				GCC_WARN_UNINITIALIZED_AUTOS = YES_AGGRESSIVE;
				GCC_WARN_UNUSED_FUNCTION = YES;
				GCC_WARN_UNUSED_VARIABLE = YES;
				IPHONEOS_DEPLOYMENT_TARGET = 17.5;
				LOCALIZATION_PREFERS_STRING_CATALOGS = YES;
				MTL_ENABLE_DEBUG_INFO = NO;
				MTL_FAST_MATH = YES;
				SDKROOT = iphoneos;
				SWIFT_COMPILATION_MODE = wholemodule;
				VALIDATE_PRODUCT = YES;
			};
			name = Release;
		};
		D2DC2C4B2C1205D5004F87B8 /* Debug */ = {
			isa = XCBuildConfiguration;
			buildSettings = {
				ASSETCATALOG_COMPILER_APPICON_NAME = AppIcon;
				ASSETCATALOG_COMPILER_GLOBAL_ACCENT_COLOR_NAME = AccentColor;
				CODE_SIGN_STYLE = Automatic;
				CURRENT_PROJECT_VERSION = 1;
				GENERATE_INFOPLIST_FILE = YES;
				INFOPLIST_FILE = DubizzleClone/Info.plist;
				INFOPLIST_KEY_UIApplicationSupportsIndirectInputEvents = YES;
				INFOPLIST_KEY_UILaunchStoryboardName = LaunchScreen;
				INFOPLIST_KEY_UIMainStoryboardFile = Main;
				INFOPLIST_KEY_UISupportedInterfaceOrientations_iPad = "UIInterfaceOrientationPortrait UIInterfaceOrientationPortraitUpsideDown UIInterfaceOrientationLandscapeLeft UIInterfaceOrientationLandscapeRight";
				INFOPLIST_KEY_UISupportedInterfaceOrientations_iPhone = "UIInterfaceOrientationPortrait UIInterfaceOrientationLandscapeLeft UIInterfaceOrientationLandscapeRight";
				LD_RUNPATH_SEARCH_PATHS = (
					"$(inherited)",
					"@executable_path/Frameworks",
				);
				MARKETING_VERSION = 1.0;
				PRODUCT_BUNDLE_IDENTIFIER = test.DubizzleClone;
				PRODUCT_NAME = "$(TARGET_NAME)";
				SWIFT_EMIT_LOC_STRINGS = YES;
				SWIFT_VERSION = 5.0;
				TARGETED_DEVICE_FAMILY = "1,2";
			};
			name = Debug;
		};
		D2DC2C4C2C1205D5004F87B8 /* Release */ = {
			isa = XCBuildConfiguration;
			buildSettings = {
				ASSETCATALOG_COMPILER_APPICON_NAME = AppIcon;
				ASSETCATALOG_COMPILER_GLOBAL_ACCENT_COLOR_NAME = AccentColor;
				CODE_SIGN_STYLE = Automatic;
				CURRENT_PROJECT_VERSION = 1;
				GENERATE_INFOPLIST_FILE = YES;
				INFOPLIST_FILE = DubizzleClone/Info.plist;
				INFOPLIST_KEY_UIApplicationSupportsIndirectInputEvents = YES;
				INFOPLIST_KEY_UILaunchStoryboardName = LaunchScreen;
				INFOPLIST_KEY_UIMainStoryboardFile = Main;
				INFOPLIST_KEY_UISupportedInterfaceOrientations_iPad = "UIInterfaceOrientationPortrait UIInterfaceOrientationPortraitUpsideDown UIInterfaceOrientationLandscapeLeft UIInterfaceOrientationLandscapeRight";
				INFOPLIST_KEY_UISupportedInterfaceOrientations_iPhone = "UIInterfaceOrientationPortrait UIInterfaceOrientationLandscapeLeft UIInterfaceOrientationLandscapeRight";
				LD_RUNPATH_SEARCH_PATHS = (
					"$(inherited)",
					"@executable_path/Frameworks",
				);
				MARKETING_VERSION = 1.0;
				PRODUCT_BUNDLE_IDENTIFIER = test.DubizzleClone;
				PRODUCT_NAME = "$(TARGET_NAME)";
				SWIFT_EMIT_LOC_STRINGS = YES;
				SWIFT_VERSION = 5.0;
				TARGETED_DEVICE_FAMILY = "1,2";
			};
			name = Release;
		};
		D2DC2C4E2C1205D5004F87B8 /* Debug */ = {
			isa = XCBuildConfiguration;
			buildSettings = {
				ALWAYS_EMBED_SWIFT_STANDARD_LIBRARIES = YES;
				BUNDLE_LOADER = "$(TEST_HOST)";
				CODE_SIGN_STYLE = Automatic;
				CURRENT_PROJECT_VERSION = 1;
				GENERATE_INFOPLIST_FILE = YES;
				IPHONEOS_DEPLOYMENT_TARGET = 17.5;
				MARKETING_VERSION = 1.0;
				PRODUCT_BUNDLE_IDENTIFIER = test.DubizzleCloneTests;
				PRODUCT_NAME = "$(TARGET_NAME)";
				SWIFT_EMIT_LOC_STRINGS = NO;
				SWIFT_VERSION = 5.0;
				TARGETED_DEVICE_FAMILY = "1,2";
				TEST_HOST = "$(BUILT_PRODUCTS_DIR)/DubizzleClone.app/$(BUNDLE_EXECUTABLE_FOLDER_PATH)/DubizzleClone";
			};
			name = Debug;
		};
		D2DC2C4F2C1205D5004F87B8 /* Release */ = {
			isa = XCBuildConfiguration;
			buildSettings = {
				ALWAYS_EMBED_SWIFT_STANDARD_LIBRARIES = YES;
				BUNDLE_LOADER = "$(TEST_HOST)";
				CODE_SIGN_STYLE = Automatic;
				CURRENT_PROJECT_VERSION = 1;
				GENERATE_INFOPLIST_FILE = YES;
				IPHONEOS_DEPLOYMENT_TARGET = 17.5;
				MARKETING_VERSION = 1.0;
				PRODUCT_BUNDLE_IDENTIFIER = test.DubizzleCloneTests;
				PRODUCT_NAME = "$(TARGET_NAME)";
				SWIFT_EMIT_LOC_STRINGS = NO;
				SWIFT_VERSION = 5.0;
				TARGETED_DEVICE_FAMILY = "1,2";
				TEST_HOST = "$(BUILT_PRODUCTS_DIR)/DubizzleClone.app/$(BUNDLE_EXECUTABLE_FOLDER_PATH)/DubizzleClone";
			};
			name = Release;
		};
		D2DC2C512C1205D5004F87B8 /* Debug */ = {
			isa = XCBuildConfiguration;
			buildSettings = {
				ALWAYS_EMBED_SWIFT_STANDARD_LIBRARIES = YES;
				CODE_SIGN_STYLE = Automatic;
				CURRENT_PROJECT_VERSION = 1;
				GENERATE_INFOPLIST_FILE = YES;
				MARKETING_VERSION = 1.0;
				PRODUCT_BUNDLE_IDENTIFIER = test.DubizzleCloneUITests;
				PRODUCT_NAME = "$(TARGET_NAME)";
				SWIFT_EMIT_LOC_STRINGS = NO;
				SWIFT_VERSION = 5.0;
				TARGETED_DEVICE_FAMILY = "1,2";
				TEST_TARGET_NAME = DubizzleClone;
			};
			name = Debug;
		};
		D2DC2C522C1205D5004F87B8 /* Release */ = {
			isa = XCBuildConfiguration;
			buildSettings = {
				ALWAYS_EMBED_SWIFT_STANDARD_LIBRARIES = YES;
				CODE_SIGN_STYLE = Automatic;
				CURRENT_PROJECT_VERSION = 1;
				GENERATE_INFOPLIST_FILE = YES;
				MARKETING_VERSION = 1.0;
				PRODUCT_BUNDLE_IDENTIFIER = test.DubizzleCloneUITests;
				PRODUCT_NAME = "$(TARGET_NAME)";
				SWIFT_EMIT_LOC_STRINGS = NO;
				SWIFT_VERSION = 5.0;
				TARGETED_DEVICE_FAMILY = "1,2";
				TEST_TARGET_NAME = DubizzleClone;
			};
			name = Release;
		};
/* End XCBuildConfiguration section */

/* Begin XCConfigurationList section */
		D2DC2C1B2C1205D3004F87B8 /* Build configuration list for PBXProject "DubizzleClone" */ = {
			isa = XCConfigurationList;
			buildConfigurations = (
				D2DC2C482C1205D5004F87B8 /* Debug */,
				D2DC2C492C1205D5004F87B8 /* Release */,
			);
			defaultConfigurationIsVisible = 0;
			defaultConfigurationName = Release;
		};
		D2DC2C4A2C1205D5004F87B8 /* Build configuration list for PBXNativeTarget "DubizzleClone" */ = {
			isa = XCConfigurationList;
			buildConfigurations = (
				D2DC2C4B2C1205D5004F87B8 /* Debug */,
				D2DC2C4C2C1205D5004F87B8 /* Release */,
			);
			defaultConfigurationIsVisible = 0;
			defaultConfigurationName = Release;
		};
		D2DC2C4D2C1205D5004F87B8 /* Build configuration list for PBXNativeTarget "DubizzleCloneTests" */ = {
			isa = XCConfigurationList;
			buildConfigurations = (
				D2DC2C4E2C1205D5004F87B8 /* Debug */,
				D2DC2C4F2C1205D5004F87B8 /* Release */,
			);
			defaultConfigurationIsVisible = 0;
			defaultConfigurationName = Release;
		};
		D2DC2C502C1205D5004F87B8 /* Build configuration list for PBXNativeTarget "DubizzleCloneUITests" */ = {
			isa = XCConfigurationList;
			buildConfigurations = (
				D2DC2C512C1205D5004F87B8 /* Debug */,
				D2DC2C522C1205D5004F87B8 /* Release */,
			);
			defaultConfigurationIsVisible = 0;
			defaultConfigurationName = Release;
		};
/* End XCConfigurationList section */
	};
	rootObject = D2DC2C182C1205D3004F87B8 /* Project object */;
}
